Microsoft Visual Studio Solution File, Format Version 12.00
# Visual Studio Version 16
VisualStudioVersion = 16.0.809.9
MinimumVisualStudioVersion = 10.0.40219.1
Project("{9A19103F-16F7-4668-BE54-9A1E7A4F7556}") = "mode-canonical-api", "mode-canonical-api\mode-canonical-api.csproj", "{BEFBC2C8-DBED-4A5C-935B-712B9D1901CA}"
EndProject
Project("{9A19103F-16F7-4668-BE54-9A1E7A4F7556}") = "mode-canonical-api.Data", "mode-canonical-api.Data\mode-canonical-api.Data.csproj", "{5B4212DC-C7E9-496D-A183-D6D010720548}"
EndProject
Project("{9A19103F-16F7-4668-BE54-9A1E7A4F7556}") = "mode-canonical-api.Domain", "mode-canonical-api.Domain\mode-canonical-api.Domain.csproj", "{76B9D39E-38D3-4105-AF66-2BC0BA3F81F9}"
EndProject
Project("{2150E333-8FDC-42A3-9474-1A3956D46DE8}") = "tests", "tests", "{E5CE6C87-829E-4409-AC51-A3239083F141}"
EndProject
Project("{9A19103F-16F7-4668-BE54-9A1E7A4F7556}") = "mode-canonical-api.Tests", "mode-canonical-api.Tests\mode-canonical-api.Tests.csproj", "{51A33F98-122C-44BC-AC0D-A1C1FDC36FCE}"
EndProject
Project("{9A19103F-16F7-4668-BE54-9A1E7A4F7556}") = "mode-canonical-api.Client", "mode-canonical-api.Client\mode-canonical-api.Client.csproj", "{76012864-2D79-4420-8E0A-5EF96E66802A}"
EndProject
Global
	GlobalSection(SolutionConfigurationPlatforms) = preSolution
		Debug|Any CPU = Debug|Any CPU
		Release|Any CPU = Release|Any CPU
	EndGlobalSection
	GlobalSection(ProjectConfigurationPlatforms) = postSolution
		{BEFBC2C8-DBED-4A5C-935B-712B9D1901CA}.Debug|Any CPU.ActiveCfg = Debug|Any CPU
		{BEFBC2C8-DBED-4A5C-935B-712B9D1901CA}.Debug|Any CPU.Build.0 = Debug|Any CPU
		{BEFBC2C8-DBED-4A5C-935B-712B9D1901CA}.Release|Any CPU.ActiveCfg = Release|Any CPU
		{BEFBC2C8-DBED-4A5C-935B-712B9D1901CA}.Release|Any CPU.Build.0 = Release|Any CPU
		{5B4212DC-C7E9-496D-A183-D6D010720548}.Debug|Any CPU.ActiveCfg = Debug|Any CPU
		{5B4212DC-C7E9-496D-A183-D6D010720548}.Debug|Any CPU.Build.0 = Debug|Any CPU
		{5B4212DC-C7E9-496D-A183-D6D010720548}.Release|Any CPU.ActiveCfg = Release|Any CPU
		{5B4212DC-C7E9-496D-A183-D6D010720548}.Release|Any CPU.Build.0 = Release|Any CPU
		{76B9D39E-38D3-4105-AF66-2BC0BA3F81F9}.Debug|Any CPU.ActiveCfg = Debug|Any CPU
		{76B9D39E-38D3-4105-AF66-2BC0BA3F81F9}.Debug|Any CPU.Build.0 = Debug|Any CPU
		{76B9D39E-38D3-4105-AF66-2BC0BA3F81F9}.Release|Any CPU.ActiveCfg = Release|Any CPU
		{76B9D39E-38D3-4105-AF66-2BC0BA3F81F9}.Release|Any CPU.Build.0 = Release|Any CPU
		{51A33F98-122C-44BC-AC0D-A1C1FDC36FCE}.Debug|Any CPU.ActiveCfg = Debug|Any CPU
		{51A33F98-122C-44BC-AC0D-A1C1FDC36FCE}.Debug|Any CPU.Build.0 = Debug|Any CPU
		{51A33F98-122C-44BC-AC0D-A1C1FDC36FCE}.Release|Any CPU.ActiveCfg = Release|Any CPU
		{51A33F98-122C-44BC-AC0D-A1C1FDC36FCE}.Release|Any CPU.Build.0 = Release|Any CPU
		{76012864-2D79-4420-8E0A-5EF96E66802A}.Debug|Any CPU.ActiveCfg = Debug|Any CPU
		{76012864-2D79-4420-8E0A-5EF96E66802A}.Debug|Any CPU.Build.0 = Debug|Any CPU
		{76012864-2D79-4420-8E0A-5EF96E66802A}.Release|Any CPU.ActiveCfg = Release|Any CPU
		{76012864-2D79-4420-8E0A-5EF96E66802A}.Release|Any CPU.Build.0 = Release|Any CPU
	EndGlobalSection
	GlobalSection(SolutionProperties) = preSolution
		HideSolutionNode = FALSE
	EndGlobalSection
	GlobalSection(NestedProjects) = preSolution
		{51A33F98-122C-44BC-AC0D-A1C1FDC36FCE} = {E5CE6C87-829E-4409-AC51-A3239083F141}
	EndGlobalSection
	GlobalSection(ExtensibilityGlobals) = postSolution
		SolutionGuid = {3E4DCCAC-3705-4346-8958-DAA70C3D615E}
	EndGlobalSection
EndGlobal
